
Microsoft Visual Studio Solution File, Format Version 12.00
# Visual Studio 15
VisualStudioVersion = 15.0.28010.2036
MinimumVisualStudioVersion = 10.0.40219.1
Project("{FAE04EC0-301F-11D3-BF4B-00C04F79EFBC}") = "XrnCourse.FormsHello.Android", "XrnCourse.FormsHello\XrnCourse.FormsHello.Android\XrnCourse.FormsHello.Android.csproj", "{F98590DC-FCBD-4856-BECB-07716543F7FB}"
EndProject
Project("{FAE04EC0-301F-11D3-BF4B-00C04F79EFBC}") = "XrnCourse.FormsHello.iOS", "XrnCourse.FormsHello\XrnCourse.FormsHello.iOS\XrnCourse.FormsHello.iOS.csproj", "{2C6C7DAE-94C1-47F9-897B-0BDA438AD9E5}"
EndProject
Project("{FAE04EC0-301F-11D3-BF4B-00C04F79EFBC}") = "XrnCourse.FormsHello.UWP", "XrnCourse.FormsHello\XrnCourse.FormsHello.UWP\XrnCourse.FormsHello.UWP.csproj", "{E0A9B162-AEE5-4DF9-9654-9F18564034DB}"
EndProject
Project("{FAE04EC0-301F-11D3-BF4B-00C04F79EFBC}") = "XrnCourse.FormsHello", "XrnCourse.FormsHello\XrnCourse.FormsHello\XrnCourse.FormsHello.csproj", "{30A7460B-AEA5-45BF-AB32-B5A22DCB6B7B}"
EndProject
Global
	GlobalSection(SolutionConfigurationPlatforms) = preSolution
		Ad-Hoc|Any CPU = Ad-Hoc|Any CPU
		Ad-Hoc|ARM = Ad-Hoc|ARM
		Ad-Hoc|iPhone = Ad-Hoc|iPhone
		Ad-Hoc|iPhoneSimulator = Ad-Hoc|iPhoneSimulator
		Ad-Hoc|x64 = Ad-Hoc|x64
		Ad-Hoc|x86 = Ad-Hoc|x86
		AppStore|Any CPU = AppStore|Any CPU
		AppStore|ARM = AppStore|ARM
		AppStore|iPhone = AppStore|iPhone
		AppStore|iPhoneSimulator = AppStore|iPhoneSimulator
		AppStore|x64 = AppStore|x64
		AppStore|x86 = AppStore|x86
		Debug|Any CPU = Debug|Any CPU
		Debug|ARM = Debug|ARM
		Debug|iPhone = Debug|iPhone
		Debug|iPhoneSimulator = Debug|iPhoneSimulator
		Debug|x64 = Debug|x64
		Debug|x86 = Debug|x86
		Release|Any CPU = Release|Any CPU
		Release|ARM = Release|ARM
		Release|iPhone = Release|iPhone
		Release|iPhoneSimulator = Release|iPhoneSimulator
		Release|x64 = Release|x64
		Release|x86 = Release|x86
	EndGlobalSection
	GlobalSection(ProjectConfigurationPlatforms) = postSolution
		{F98590DC-FCBD-4856-BECB-07716543F7FB}.Ad-Hoc|Any CPU.ActiveCfg = Release|Any CPU
		{F98590DC-FCBD-4856-BECB-07716543F7FB}.Ad-Hoc|Any CPU.Build.0 = Release|Any CPU
		{F98590DC-FCBD-4856-BECB-07716543F7FB}.Ad-Hoc|Any CPU.Deploy.0 = Release|Any CPU
		{F98590DC-FCBD-4856-BECB-07716543F7FB}.Ad-Hoc|ARM.ActiveCfg = Release|Any CPU
		{F98590DC-FCBD-4856-BECB-07716543F7FB}.Ad-Hoc|ARM.Build.0 = Release|Any CPU
		{F98590DC-FCBD-4856-BECB-07716543F7FB}.Ad-Hoc|ARM.Deploy.0 = Release|Any CPU
		{F98590DC-FCBD-4856-BECB-07716543F7FB}.Ad-Hoc|iPhone.ActiveCfg = Release|Any CPU
		{F98590DC-FCBD-4856-BECB-07716543F7FB}.Ad-Hoc|iPhone.Build.0 = Release|Any CPU
		{F98590DC-FCBD-4856-BECB-07716543F7FB}.Ad-Hoc|iPhone.Deploy.0 = Release|Any CPU
		{F98590DC-FCBD-4856-BECB-07716543F7FB}.Ad-Hoc|iPhoneSimulator.ActiveCfg = Release|Any CPU
		{F98590DC-FCBD-4856-BECB-07716543F7FB}.Ad-Hoc|iPhoneSimulator.Build.0 = Release|Any CPU
		{F98590DC-FCBD-4856-BECB-07716543F7FB}.Ad-Hoc|iPhoneSimulator.Deploy.0 = Release|Any CPU
		{F98590DC-FCBD-4856-BECB-07716543F7FB}.Ad-Hoc|x64.ActiveCfg = Release|Any CPU
		{F98590DC-FCBD-4856-BECB-07716543F7FB}.Ad-Hoc|x64.Build.0 = Release|Any CPU
		{F98590DC-FCBD-4856-BECB-07716543F7FB}.Ad-Hoc|x64.Deploy.0 = Release|Any CPU
		{F98590DC-FCBD-4856-BECB-07716543F7FB}.Ad-Hoc|x86.ActiveCfg = Release|Any CPU
		{F98590DC-FCBD-4856-BECB-07716543F7FB}.Ad-Hoc|x86.Build.0 = Release|Any CPU
		{F98590DC-FCBD-4856-BECB-07716543F7FB}.Ad-Hoc|x86.Deploy.0 = Release|Any CPU
		{F98590DC-FCBD-4856-BECB-07716543F7FB}.AppStore|Any CPU.ActiveCfg = Release|Any CPU
		{F98590DC-FCBD-4856-BECB-07716543F7FB}.AppStore|Any CPU.Build.0 = Release|Any CPU
		{F98590DC-FCBD-4856-BECB-07716543F7FB}.AppStore|Any CPU.Deploy.0 = Release|Any CPU
		{F98590DC-FCBD-4856-BECB-07716543F7FB}.AppStore|ARM.ActiveCfg = Release|Any CPU
		{F98590DC-FCBD-4856-BECB-07716543F7FB}.AppStore|ARM.Build.0 = Release|Any CPU
		{F98590DC-FCBD-4856-BECB-07716543F7FB}.AppStore|ARM.Deploy.0 = Release|Any CPU
		{F98590DC-FCBD-4856-BECB-07716543F7FB}.AppStore|iPhone.ActiveCfg = Release|Any CPU
		{F98590DC-FCBD-4856-BECB-07716543F7FB}.AppStore|iPhone.Build.0 = Release|Any CPU
		{F98590DC-FCBD-4856-BECB-07716543F7FB}.AppStore|iPhone.Deploy.0 = Release|Any CPU
		{F98590DC-FCBD-4856-BECB-07716543F7FB}.AppStore|iPhoneSimulator.ActiveCfg = Release|Any CPU
		{F98590DC-FCBD-4856-BECB-07716543F7FB}.AppStore|iPhoneSimulator.Build.0 = Release|Any CPU
		{F98590DC-FCBD-4856-BECB-07716543F7FB}.AppStore|iPhoneSimulator.Deploy.0 = Release|Any CPU
		{F98590DC-FCBD-4856-BECB-07716543F7FB}.AppStore|x64.ActiveCfg = Release|Any CPU
		{F98590DC-FCBD-4856-BECB-07716543F7FB}.AppStore|x64.Build.0 = Release|Any CPU
		{F98590DC-FCBD-4856-BECB-07716543F7FB}.AppStore|x64.Deploy.0 = Release|Any CPU
		{F98590DC-FCBD-4856-BECB-07716543F7FB}.AppStore|x86.ActiveCfg = Release|Any CPU
		{F98590DC-FCBD-4856-BECB-07716543F7FB}.AppStore|x86.Build.0 = Release|Any CPU
		{F98590DC-FCBD-4856-BECB-07716543F7FB}.AppStore|x86.Deploy.0 = Release|Any CPU
		{F98590DC-FCBD-4856-BECB-07716543F7FB}.Debug|Any CPU.ActiveCfg = Debug|Any CPU
		{F98590DC-FCBD-4856-BECB-07716543F7FB}.Debug|Any CPU.Build.0 = Debug|Any CPU
		{F98590DC-FCBD-4856-BECB-07716543F7FB}.Debug|Any CPU.Deploy.0 = Debug|Any CPU
		{F98590DC-FCBD-4856-BECB-07716543F7FB}.Debug|ARM.ActiveCfg = Debug|Any CPU
		{F98590DC-FCBD-4856-BECB-07716543F7FB}.Debug|ARM.Build.0 = Debug|Any CPU
		{F98590DC-FCBD-4856-BECB-07716543F7FB}.Debug|ARM.Deploy.0 = Debug|Any CPU
		{F98590DC-FCBD-4856-BECB-07716543F7FB}.Debug|iPhone.ActiveCfg = Debug|Any CPU
		{F98590DC-FCBD-4856-BECB-07716543F7FB}.Debug|iPhone.Build.0 = Debug|Any CPU
		{F98590DC-FCBD-4856-BECB-07716543F7FB}.Debug|iPhone.Deploy.0 = Debug|Any CPU
		{F98590DC-FCBD-4856-BECB-07716543F7FB}.Debug|iPhoneSimulator.ActiveCfg = Debug|Any CPU
		{F98590DC-FCBD-4856-BECB-07716543F7FB}.Debug|iPhoneSimulator.Build.0 = Debug|Any CPU
		{F98590DC-FCBD-4856-BECB-07716543F7FB}.Debug|iPhoneSimulator.Deploy.0 = Debug|Any CPU
		{F98590DC-FCBD-4856-BECB-07716543F7FB}.Debug|x64.ActiveCfg = Debug|Any CPU
		{F98590DC-FCBD-4856-BECB-07716543F7FB}.Debug|x64.Build.0 = Debug|Any CPU
		{F98590DC-FCBD-4856-BECB-07716543F7FB}.Debug|x64.Deploy.0 = Debug|Any CPU
		{F98590DC-FCBD-4856-BECB-07716543F7FB}.Debug|x86.ActiveCfg = Debug|Any CPU
		{F98590DC-FCBD-4856-BECB-07716543F7FB}.Debug|x86.Build.0 = Debug|Any CPU
		{F98590DC-FCBD-4856-BECB-07716543F7FB}.Debug|x86.Deploy.0 = Debug|Any CPU
		{F98590DC-FCBD-4856-BECB-07716543F7FB}.Release|Any CPU.ActiveCfg = Release|Any CPU
		{F98590DC-FCBD-4856-BECB-07716543F7FB}.Release|Any CPU.Build.0 = Release|Any CPU
		{F98590DC-FCBD-4856-BECB-07716543F7FB}.Release|Any CPU.Deploy.0 = Release|Any CPU
		{F98590DC-FCBD-4856-BECB-07716543F7FB}.Release|ARM.ActiveCfg = Release|Any CPU
		{F98590DC-FCBD-4856-BECB-07716543F7FB}.Release|ARM.Build.0 = Release|Any CPU
		{F98590DC-FCBD-4856-BECB-07716543F7FB}.Release|ARM.Deploy.0 = Release|Any CPU
		{F98590DC-FCBD-4856-BECB-07716543F7FB}.Release|iPhone.ActiveCfg = Release|Any CPU
		{F98590DC-FCBD-4856-BECB-07716543F7FB}.Release|iPhone.Build.0 = Release|Any CPU
		{F98590DC-FCBD-4856-BECB-07716543F7FB}.Release|iPhone.Deploy.0 = Release|Any CPU
		{F98590DC-FCBD-4856-BECB-07716543F7FB}.Release|iPhoneSimulator.ActiveCfg = Release|Any CPU
		{F98590DC-FCBD-4856-BECB-07716543F7FB}.Release|iPhoneSimulator.Build.0 = Release|Any CPU
		{F98590DC-FCBD-4856-BECB-07716543F7FB}.Release|iPhoneSimulator.Deploy.0 = Release|Any CPU
		{F98590DC-FCBD-4856-BECB-07716543F7FB}.Release|x64.ActiveCfg = Release|Any CPU
		{F98590DC-FCBD-4856-BECB-07716543F7FB}.Release|x64.Build.0 = Release|Any CPU
		{F98590DC-FCBD-4856-BECB-07716543F7FB}.Release|x64.Deploy.0 = Release|Any CPU
		{F98590DC-FCBD-4856-BECB-07716543F7FB}.Release|x86.ActiveCfg = Release|Any CPU
		{F98590DC-FCBD-4856-BECB-07716543F7FB}.Release|x86.Build.0 = Release|Any CPU
		{F98590DC-FCBD-4856-BECB-07716543F7FB}.Release|x86.Deploy.0 = Release|Any CPU
		{2C6C7DAE-94C1-47F9-897B-0BDA438AD9E5}.Ad-Hoc|Any CPU.ActiveCfg = Ad-Hoc|iPhone
		{2C6C7DAE-94C1-47F9-897B-0BDA438AD9E5}.Ad-Hoc|Any CPU.Build.0 = Ad-Hoc|iPhone
		{2C6C7DAE-94C1-47F9-897B-0BDA438AD9E5}.Ad-Hoc|Any CPU.Deploy.0 = Ad-Hoc|iPhone
		{2C6C7DAE-94C1-47F9-897B-0BDA438AD9E5}.Ad-Hoc|ARM.ActiveCfg = Ad-Hoc|iPhone
		{2C6C7DAE-94C1-47F9-897B-0BDA438AD9E5}.Ad-Hoc|ARM.Build.0 = Ad-Hoc|iPhone
		{2C6C7DAE-94C1-47F9-897B-0BDA438AD9E5}.Ad-Hoc|ARM.Deploy.0 = Ad-Hoc|iPhone
		{2C6C7DAE-94C1-47F9-897B-0BDA438AD9E5}.Ad-Hoc|iPhone.ActiveCfg = Ad-Hoc|iPhone
		{2C6C7DAE-94C1-47F9-897B-0BDA438AD9E5}.Ad-Hoc|iPhone.Build.0 = Ad-Hoc|iPhone
		{2C6C7DAE-94C1-47F9-897B-0BDA438AD9E5}.Ad-Hoc|iPhone.Deploy.0 = Ad-Hoc|iPhone
		{2C6C7DAE-94C1-47F9-897B-0BDA438AD9E5}.Ad-Hoc|iPhoneSimulator.ActiveCfg = Ad-Hoc|iPhoneSimulator
		{2C6C7DAE-94C1-47F9-897B-0BDA438AD9E5}.Ad-Hoc|iPhoneSimulator.Build.0 = Ad-Hoc|iPhoneSimulator
		{2C6C7DAE-94C1-47F9-897B-0BDA438AD9E5}.Ad-Hoc|iPhoneSimulator.Deploy.0 = Ad-Hoc|iPhoneSimulator
		{2C6C7DAE-94C1-47F9-897B-0BDA438AD9E5}.Ad-Hoc|x64.ActiveCfg = Ad-Hoc|iPhone
		{2C6C7DAE-94C1-47F9-897B-0BDA438AD9E5}.Ad-Hoc|x64.Build.0 = Ad-Hoc|iPhone
		{2C6C7DAE-94C1-47F9-897B-0BDA438AD9E5}.Ad-Hoc|x64.Deploy.0 = Ad-Hoc|iPhone
		{2C6C7DAE-94C1-47F9-897B-0BDA438AD9E5}.Ad-Hoc|x86.ActiveCfg = Ad-Hoc|iPhone
		{2C6C7DAE-94C1-47F9-897B-0BDA438AD9E5}.Ad-Hoc|x86.Build.0 = Ad-Hoc|iPhone
		{2C6C7DAE-94C1-47F9-897B-0BDA438AD9E5}.Ad-Hoc|x86.Deploy.0 = Ad-Hoc|iPhone
		{2C6C7DAE-94C1-47F9-897B-0BDA438AD9E5}.AppStore|Any CPU.ActiveCfg = AppStore|iPhone
		{2C6C7DAE-94C1-47F9-897B-0BDA438AD9E5}.AppStore|Any CPU.Build.0 = AppStore|iPhone
		{2C6C7DAE-94C1-47F9-897B-0BDA438AD9E5}.AppStore|Any CPU.Deploy.0 = AppStore|iPhone
		{2C6C7DAE-94C1-47F9-897B-0BDA438AD9E5}.AppStore|ARM.ActiveCfg = AppStore|iPhone
		{2C6C7DAE-94C1-47F9-897B-0BDA438AD9E5}.AppStore|ARM.Build.0 = AppStore|iPhone
		{2C6C7DAE-94C1-47F9-897B-0BDA438AD9E5}.AppStore|ARM.Deploy.0 = AppStore|iPhone
		{2C6C7DAE-94C1-47F9-897B-0BDA438AD9E5}.AppStore|iPhone.ActiveCfg = AppStore|iPhone
		{2C6C7DAE-94C1-47F9-897B-0BDA438AD9E5}.AppStore|iPhone.Build.0 = AppStore|iPhone
		{2C6C7DAE-94C1-47F9-897B-0BDA438AD9E5}.AppStore|iPhone.Deploy.0 = AppStore|iPhone
		{2C6C7DAE-94C1-47F9-897B-0BDA438AD9E5}.AppStore|iPhoneSimulator.ActiveCfg = AppStore|iPhoneSimulator
		{2C6C7DAE-94C1-47F9-897B-0BDA438AD9E5}.AppStore|iPhoneSimulator.Build.0 = AppStore|iPhoneSimulator
		{2C6C7DAE-94C1-47F9-897B-0BDA438AD9E5}.AppStore|iPhoneSimulator.Deploy.0 = AppStore|iPhoneSimulator
		{2C6C7DAE-94C1-47F9-897B-0BDA438AD9E5}.AppStore|x64.ActiveCfg = AppStore|iPhone
		{2C6C7DAE-94C1-47F9-897B-0BDA438AD9E5}.AppStore|x64.Build.0 = AppStore|iPhone
		{2C6C7DAE-94C1-47F9-897B-0BDA438AD9E5}.AppStore|x64.Deploy.0 = AppStore|iPhone
		{2C6C7DAE-94C1-47F9-897B-0BDA438AD9E5}.AppStore|x86.ActiveCfg = AppStore|iPhone
		{2C6C7DAE-94C1-47F9-897B-0BDA438AD9E5}.AppStore|x86.Build.0 = AppStore|iPhone
		{2C6C7DAE-94C1-47F9-897B-0BDA438AD9E5}.AppStore|x86.Deploy.0 = AppStore|iPhone
		{2C6C7DAE-94C1-47F9-897B-0BDA438AD9E5}.Debug|Any CPU.ActiveCfg = Debug|iPhoneSimulator
		{2C6C7DAE-94C1-47F9-897B-0BDA438AD9E5}.Debug|Any CPU.Build.0 = Debug|iPhoneSimulator
		{2C6C7DAE-94C1-47F9-897B-0BDA438AD9E5}.Debug|Any CPU.Deploy.0 = Debug|iPhoneSimulator
		{2C6C7DAE-94C1-47F9-897B-0BDA438AD9E5}.Debug|ARM.ActiveCfg = Debug|iPhone
		{2C6C7DAE-94C1-47F9-897B-0BDA438AD9E5}.Debug|ARM.Build.0 = Debug|iPhone
		{2C6C7DAE-94C1-47F9-897B-0BDA438AD9E5}.Debug|ARM.Deploy.0 = Debug|iPhone
		{2C6C7DAE-94C1-47F9-897B-0BDA438AD9E5}.Debug|iPhone.ActiveCfg = Debug|iPhone
		{2C6C7DAE-94C1-47F9-897B-0BDA438AD9E5}.Debug|iPhone.Build.0 = Debug|iPhone
		{2C6C7DAE-94C1-47F9-897B-0BDA438AD9E5}.Debug|iPhone.Deploy.0 = Debug|iPhone
		{2C6C7DAE-94C1-47F9-897B-0BDA438AD9E5}.Debug|iPhoneSimulator.ActiveCfg = Debug|iPhoneSimulator
		{2C6C7DAE-94C1-47F9-897B-0BDA438AD9E5}.Debug|iPhoneSimulator.Build.0 = Debug|iPhoneSimulator
		{2C6C7DAE-94C1-47F9-897B-0BDA438AD9E5}.Debug|iPhoneSimulator.Deploy.0 = Debug|iPhoneSimulator
		{2C6C7DAE-94C1-47F9-897B-0BDA438AD9E5}.Debug|x64.ActiveCfg = Debug|iPhone
		{2C6C7DAE-94C1-47F9-897B-0BDA438AD9E5}.Debug|x64.Build.0 = Debug|iPhone
		{2C6C7DAE-94C1-47F9-897B-0BDA438AD9E5}.Debug|x64.Deploy.0 = Debug|iPhone
		{2C6C7DAE-94C1-47F9-897B-0BDA438AD9E5}.Debug|x86.ActiveCfg = Debug|iPhone
		{2C6C7DAE-94C1-47F9-897B-0BDA438AD9E5}.Debug|x86.Build.0 = Debug|iPhone
		{2C6C7DAE-94C1-47F9-897B-0BDA438AD9E5}.Debug|x86.Deploy.0 = Debug|iPhone
		{2C6C7DAE-94C1-47F9-897B-0BDA438AD9E5}.Release|Any CPU.ActiveCfg = Release|iPhone
		{2C6C7DAE-94C1-47F9-897B-0BDA438AD9E5}.Release|Any CPU.Build.0 = Release|iPhone
		{2C6C7DAE-94C1-47F9-897B-0BDA438AD9E5}.Release|Any CPU.Deploy.0 = Release|iPhone
		{2C6C7DAE-94C1-47F9-897B-0BDA438AD9E5}.Release|ARM.ActiveCfg = Release|iPhone
		{2C6C7DAE-94C1-47F9-897B-0BDA438AD9E5}.Release|ARM.Build.0 = Release|iPhone
		{2C6C7DAE-94C1-47F9-897B-0BDA438AD9E5}.Release|ARM.Deploy.0 = Release|iPhone
		{2C6C7DAE-94C1-47F9-897B-0BDA438AD9E5}.Release|iPhone.ActiveCfg = Release|iPhone
		{2C6C7DAE-94C1-47F9-897B-0BDA438AD9E5}.Release|iPhone.Build.0 = Release|iPhone
		{2C6C7DAE-94C1-47F9-897B-0BDA438AD9E5}.Release|iPhone.Deploy.0 = Release|iPhone
		{2C6C7DAE-94C1-47F9-897B-0BDA438AD9E5}.Release|iPhoneSimulator.ActiveCfg = Release|iPhoneSimulator
		{2C6C7DAE-94C1-47F9-897B-0BDA438AD9E5}.Release|iPhoneSimulator.Build.0 = Release|iPhoneSimulator
		{2C6C7DAE-94C1-47F9-897B-0BDA438AD9E5}.Release|iPhoneSimulator.Deploy.0 = Release|iPhoneSimulator
		{2C6C7DAE-94C1-47F9-897B-0BDA438AD9E5}.Release|x64.ActiveCfg = Release|iPhone
		{2C6C7DAE-94C1-47F9-897B-0BDA438AD9E5}.Release|x64.Build.0 = Release|iPhone
		{2C6C7DAE-94C1-47F9-897B-0BDA438AD9E5}.Release|x64.Deploy.0 = Release|iPhone
		{2C6C7DAE-94C1-47F9-897B-0BDA438AD9E5}.Release|x86.ActiveCfg = Release|iPhone
		{2C6C7DAE-94C1-47F9-897B-0BDA438AD9E5}.Release|x86.Build.0 = Release|iPhone
		{2C6C7DAE-94C1-47F9-897B-0BDA438AD9E5}.Release|x86.Deploy.0 = Release|iPhone
		{E0A9B162-AEE5-4DF9-9654-9F18564034DB}.Ad-Hoc|Any CPU.ActiveCfg = Release|x86
		{E0A9B162-AEE5-4DF9-9654-9F18564034DB}.Ad-Hoc|Any CPU.Build.0 = Release|x86
		{E0A9B162-AEE5-4DF9-9654-9F18564034DB}.Ad-Hoc|Any CPU.Deploy.0 = Release|x86
		{E0A9B162-AEE5-4DF9-9654-9F18564034DB}.Ad-Hoc|ARM.ActiveCfg = Release|ARM
		{E0A9B162-AEE5-4DF9-9654-9F18564034DB}.Ad-Hoc|ARM.Build.0 = Release|ARM
		{E0A9B162-AEE5-4DF9-9654-9F18564034DB}.Ad-Hoc|ARM.Deploy.0 = Release|ARM
		{E0A9B162-AEE5-4DF9-9654-9F18564034DB}.Ad-Hoc|iPhone.ActiveCfg = Release|x86
		{E0A9B162-AEE5-4DF9-9654-9F18564034DB}.Ad-Hoc|iPhone.Build.0 = Release|x86
		{E0A9B162-AEE5-4DF9-9654-9F18564034DB}.Ad-Hoc|iPhone.Deploy.0 = Release|x86
		{E0A9B162-AEE5-4DF9-9654-9F18564034DB}.Ad-Hoc|iPhoneSimulator.ActiveCfg = Release|x86
		{E0A9B162-AEE5-4DF9-9654-9F18564034DB}.Ad-Hoc|iPhoneSimulator.Build.0 = Release|x86
		{E0A9B162-AEE5-4DF9-9654-9F18564034DB}.Ad-Hoc|iPhoneSimulator.Deploy.0 = Release|x86
		{E0A9B162-AEE5-4DF9-9654-9F18564034DB}.Ad-Hoc|x64.ActiveCfg = Release|x64
		{E0A9B162-AEE5-4DF9-9654-9F18564034DB}.Ad-Hoc|x64.Build.0 = Release|x64
		{E0A9B162-AEE5-4DF9-9654-9F18564034DB}.Ad-Hoc|x64.Deploy.0 = Release|x64
		{E0A9B162-AEE5-4DF9-9654-9F18564034DB}.Ad-Hoc|x86.ActiveCfg = Release|x86
		{E0A9B162-AEE5-4DF9-9654-9F18564034DB}.Ad-Hoc|x86.Build.0 = Release|x86
		{E0A9B162-AEE5-4DF9-9654-9F18564034DB}.Ad-Hoc|x86.Deploy.0 = Release|x86
		{E0A9B162-AEE5-4DF9-9654-9F18564034DB}.AppStore|Any CPU.ActiveCfg = Release|x86
		{E0A9B162-AEE5-4DF9-9654-9F18564034DB}.AppStore|Any CPU.Build.0 = Release|x86
		{E0A9B162-AEE5-4DF9-9654-9F18564034DB}.AppStore|Any CPU.Deploy.0 = Release|x86
		{E0A9B162-AEE5-4DF9-9654-9F18564034DB}.AppStore|ARM.ActiveCfg = Release|ARM
		{E0A9B162-AEE5-4DF9-9654-9F18564034DB}.AppStore|ARM.Build.0 = Release|ARM
		{E0A9B162-AEE5-4DF9-9654-9F18564034DB}.AppStore|ARM.Deploy.0 = Release|ARM
		{E0A9B162-AEE5-4DF9-9654-9F18564034DB}.AppStore|iPhone.ActiveCfg = Release|x86
		{E0A9B162-AEE5-4DF9-9654-9F18564034DB}.AppStore|iPhone.Build.0 = Release|x86
		{E0A9B162-AEE5-4DF9-9654-9F18564034DB}.AppStore|iPhone.Deploy.0 = Release|x86
		{E0A9B162-AEE5-4DF9-9654-9F18564034DB}.AppStore|iPhoneSimulator.ActiveCfg = Release|x86
		{E0A9B162-AEE5-4DF9-9654-9F18564034DB}.AppStore|iPhoneSimulator.Build.0 = Release|x86
		{E0A9B162-AEE5-4DF9-9654-9F18564034DB}.AppStore|iPhoneSimulator.Deploy.0 = Release|x86
		{E0A9B162-AEE5-4DF9-9654-9F18564034DB}.AppStore|x64.ActiveCfg = Release|x64
		{E0A9B162-AEE5-4DF9-9654-9F18564034DB}.AppStore|x64.Build.0 = Release|x64
		{E0A9B162-AEE5-4DF9-9654-9F18564034DB}.AppStore|x64.Deploy.0 = Release|x64
		{E0A9B162-AEE5-4DF9-9654-9F18564034DB}.AppStore|x86.ActiveCfg = Release|x86
		{E0A9B162-AEE5-4DF9-9654-9F18564034DB}.AppStore|x86.Build.0 = Release|x86
		{E0A9B162-AEE5-4DF9-9654-9F18564034DB}.AppStore|x86.Deploy.0 = Release|x86
		{E0A9B162-AEE5-4DF9-9654-9F18564034DB}.Debug|Any CPU.ActiveCfg = Debug|x86
		{E0A9B162-AEE5-4DF9-9654-9F18564034DB}.Debug|Any CPU.Build.0 = Debug|x86
		{E0A9B162-AEE5-4DF9-9654-9F18564034DB}.Debug|Any CPU.Deploy.0 = Debug|x86
		{E0A9B162-AEE5-4DF9-9654-9F18564034DB}.Debug|ARM.ActiveCfg = Debug|ARM
		{E0A9B162-AEE5-4DF9-9654-9F18564034DB}.Debug|ARM.Build.0 = Debug|ARM
		{E0A9B162-AEE5-4DF9-9654-9F18564034DB}.Debug|ARM.Deploy.0 = Debug|ARM
		{E0A9B162-AEE5-4DF9-9654-9F18564034DB}.Debug|iPhone.ActiveCfg = Debug|x86
		{E0A9B162-AEE5-4DF9-9654-9F18564034DB}.Debug|iPhone.Build.0 = Debug|x86
		{E0A9B162-AEE5-4DF9-9654-9F18564034DB}.Debug|iPhone.Deploy.0 = Debug|x86
		{E0A9B162-AEE5-4DF9-9654-9F18564034DB}.Debug|iPhoneSimulator.ActiveCfg = Debug|x86
		{E0A9B162-AEE5-4DF9-9654-9F18564034DB}.Debug|iPhoneSimulator.Build.0 = Debug|x86
		{E0A9B162-AEE5-4DF9-9654-9F18564034DB}.Debug|iPhoneSimulator.Deploy.0 = Debug|x86
		{E0A9B162-AEE5-4DF9-9654-9F18564034DB}.Debug|x64.ActiveCfg = Debug|x64
		{E0A9B162-AEE5-4DF9-9654-9F18564034DB}.Debug|x64.Build.0 = Debug|x64
		{E0A9B162-AEE5-4DF9-9654-9F18564034DB}.Debug|x64.Deploy.0 = Debug|x64
		{E0A9B162-AEE5-4DF9-9654-9F18564034DB}.Debug|x86.ActiveCfg = Debug|x86
		{E0A9B162-AEE5-4DF9-9654-9F18564034DB}.Debug|x86.Build.0 = Debug|x86
		{E0A9B162-AEE5-4DF9-9654-9F18564034DB}.Debug|x86.Deploy.0 = Debug|x86
		{E0A9B162-AEE5-4DF9-9654-9F18564034DB}.Release|Any CPU.ActiveCfg = Release|x86
		{E0A9B162-AEE5-4DF9-9654-9F18564034DB}.Release|Any CPU.Build.0 = Release|x86
		{E0A9B162-AEE5-4DF9-9654-9F18564034DB}.Release|Any CPU.Deploy.0 = Release|x86
		{E0A9B162-AEE5-4DF9-9654-9F18564034DB}.Release|ARM.ActiveCfg = Release|ARM
		{E0A9B162-AEE5-4DF9-9654-9F18564034DB}.Release|ARM.Build.0 = Release|ARM
		{E0A9B162-AEE5-4DF9-9654-9F18564034DB}.Release|ARM.Deploy.0 = Release|ARM
		{E0A9B162-AEE5-4DF9-9654-9F18564034DB}.Release|iPhone.ActiveCfg = Release|x86
		{E0A9B162-AEE5-4DF9-9654-9F18564034DB}.Release|iPhone.Build.0 = Release|x86
		{E0A9B162-AEE5-4DF9-9654-9F18564034DB}.Release|iPhone.Deploy.0 = Release|x86
		{E0A9B162-AEE5-4DF9-9654-9F18564034DB}.Release|iPhoneSimulator.ActiveCfg = Release|x86
		{E0A9B162-AEE5-4DF9-9654-9F18564034DB}.Release|iPhoneSimulator.Build.0 = Release|x86
		{E0A9B162-AEE5-4DF9-9654-9F18564034DB}.Release|iPhoneSimulator.Deploy.0 = Release|x86
		{E0A9B162-AEE5-4DF9-9654-9F18564034DB}.Release|x64.ActiveCfg = Release|x64
		{E0A9B162-AEE5-4DF9-9654-9F18564034DB}.Release|x64.Build.0 = Release|x64
		{E0A9B162-AEE5-4DF9-9654-9F18564034DB}.Release|x64.Deploy.0 = Release|x64
		{E0A9B162-AEE5-4DF9-9654-9F18564034DB}.Release|x86.ActiveCfg = Release|x86
		{E0A9B162-AEE5-4DF9-9654-9F18564034DB}.Release|x86.Build.0 = Release|x86
		{E0A9B162-AEE5-4DF9-9654-9F18564034DB}.Release|x86.Deploy.0 = Release|x86
		{30A7460B-AEA5-45BF-AB32-B5A22DCB6B7B}.Ad-Hoc|Any CPU.ActiveCfg = Debug|Any CPU
		{30A7460B-AEA5-45BF-AB32-B5A22DCB6B7B}.Ad-Hoc|Any CPU.Build.0 = Debug|Any CPU
		{30A7460B-AEA5-45BF-AB32-B5A22DCB6B7B}.Ad-Hoc|Any CPU.Deploy.0 = Debug|Any CPU
		{30A7460B-AEA5-45BF-AB32-B5A22DCB6B7B}.Ad-Hoc|ARM.ActiveCfg = Debug|Any CPU
		{30A7460B-AEA5-45BF-AB32-B5A22DCB6B7B}.Ad-Hoc|ARM.Build.0 = Debug|Any CPU
		{30A7460B-AEA5-45BF-AB32-B5A22DCB6B7B}.Ad-Hoc|ARM.Deploy.0 = Debug|Any CPU
		{30A7460B-AEA5-45BF-AB32-B5A22DCB6B7B}.Ad-Hoc|iPhone.ActiveCfg = Debug|Any CPU
		{30A7460B-AEA5-45BF-AB32-B5A22DCB6B7B}.Ad-Hoc|iPhone.Build.0 = Debug|Any CPU
		{30A7460B-AEA5-45BF-AB32-B5A22DCB6B7B}.Ad-Hoc|iPhone.Deploy.0 = Debug|Any CPU
		{30A7460B-AEA5-45BF-AB32-B5A22DCB6B7B}.Ad-Hoc|iPhoneSimulator.ActiveCfg = Debug|Any CPU
		{30A7460B-AEA5-45BF-AB32-B5A22DCB6B7B}.Ad-Hoc|iPhoneSimulator.Build.0 = Debug|Any CPU
		{30A7460B-AEA5-45BF-AB32-B5A22DCB6B7B}.Ad-Hoc|iPhoneSimulator.Deploy.0 = Debug|Any CPU
		{30A7460B-AEA5-45BF-AB32-B5A22DCB6B7B}.Ad-Hoc|x64.ActiveCfg = Debug|Any CPU
		{30A7460B-AEA5-45BF-AB32-B5A22DCB6B7B}.Ad-Hoc|x64.Build.0 = Debug|Any CPU
		{30A7460B-AEA5-45BF-AB32-B5A22DCB6B7B}.Ad-Hoc|x64.Deploy.0 = Debug|Any CPU
		{30A7460B-AEA5-45BF-AB32-B5A22DCB6B7B}.Ad-Hoc|x86.ActiveCfg = Debug|Any CPU
		{30A7460B-AEA5-45BF-AB32-B5A22DCB6B7B}.Ad-Hoc|x86.Build.0 = Debug|Any CPU
		{30A7460B-AEA5-45BF-AB32-B5A22DCB6B7B}.Ad-Hoc|x86.Deploy.0 = Debug|Any CPU
		{30A7460B-AEA5-45BF-AB32-B5A22DCB6B7B}.AppStore|Any CPU.ActiveCfg = Debug|Any CPU
		{30A7460B-AEA5-45BF-AB32-B5A22DCB6B7B}.AppStore|Any CPU.Build.0 = Debug|Any CPU
		{30A7460B-AEA5-45BF-AB32-B5A22DCB6B7B}.AppStore|Any CPU.Deploy.0 = Debug|Any CPU
		{30A7460B-AEA5-45BF-AB32-B5A22DCB6B7B}.AppStore|ARM.ActiveCfg = Debug|Any CPU
		{30A7460B-AEA5-45BF-AB32-B5A22DCB6B7B}.AppStore|ARM.Build.0 = Debug|Any CPU
		{30A7460B-AEA5-45BF-AB32-B5A22DCB6B7B}.AppStore|ARM.Deploy.0 = Debug|Any CPU
		{30A7460B-AEA5-45BF-AB32-B5A22DCB6B7B}.AppStore|iPhone.ActiveCfg = Debug|Any CPU
		{30A7460B-AEA5-45BF-AB32-B5A22DCB6B7B}.AppStore|iPhone.Build.0 = Debug|Any CPU
		{30A7460B-AEA5-45BF-AB32-B5A22DCB6B7B}.AppStore|iPhone.Deploy.0 = Debug|Any CPU
		{30A7460B-AEA5-45BF-AB32-B5A22DCB6B7B}.AppStore|iPhoneSimulator.ActiveCfg = Debug|Any CPU
		{30A7460B-AEA5-45BF-AB32-B5A22DCB6B7B}.AppStore|iPhoneSimulator.Build.0 = Debug|Any CPU
		{30A7460B-AEA5-45BF-AB32-B5A22DCB6B7B}.AppStore|iPhoneSimulator.Deploy.0 = Debug|Any CPU
		{30A7460B-AEA5-45BF-AB32-B5A22DCB6B7B}.AppStore|x64.ActiveCfg = Debug|Any CPU
		{30A7460B-AEA5-45BF-AB32-B5A22DCB6B7B}.AppStore|x64.Build.0 = Debug|Any CPU
		{30A7460B-AEA5-45BF-AB32-B5A22DCB6B7B}.AppStore|x64.Deploy.0 = Debug|Any CPU
		{30A7460B-AEA5-45BF-AB32-B5A22DCB6B7B}.AppStore|x86.ActiveCfg = Debug|Any CPU
		{30A7460B-AEA5-45BF-AB32-B5A22DCB6B7B}.AppStore|x86.Build.0 = Debug|Any CPU
		{30A7460B-AEA5-45BF-AB32-B5A22DCB6B7B}.AppStore|x86.Deploy.0 = Debug|Any CPU
		{30A7460B-AEA5-45BF-AB32-B5A22DCB6B7B}.Debug|Any CPU.ActiveCfg = Debug|Any CPU
		{30A7460B-AEA5-45BF-AB32-B5A22DCB6B7B}.Debug|Any CPU.Build.0 = Debug|Any CPU
		{30A7460B-AEA5-45BF-AB32-B5A22DCB6B7B}.Debug|Any CPU.Deploy.0 = Debug|Any CPU
		{30A7460B-AEA5-45BF-AB32-B5A22DCB6B7B}.Debug|ARM.ActiveCfg = Debug|Any CPU
		{30A7460B-AEA5-45BF-AB32-B5A22DCB6B7B}.Debug|ARM.Build.0 = Debug|Any CPU
		{30A7460B-AEA5-45BF-AB32-B5A22DCB6B7B}.Debug|ARM.Deploy.0 = Debug|Any CPU
		{30A7460B-AEA5-45BF-AB32-B5A22DCB6B7B}.Debug|iPhone.ActiveCfg = Debug|Any CPU
		{30A7460B-AEA5-45BF-AB32-B5A22DCB6B7B}.Debug|iPhone.Build.0 = Debug|Any CPU
		{30A7460B-AEA5-45BF-AB32-B5A22DCB6B7B}.Debug|iPhone.Deploy.0 = Debug|Any CPU
		{30A7460B-AEA5-45BF-AB32-B5A22DCB6B7B}.Debug|iPhoneSimulator.ActiveCfg = Debug|Any CPU
		{30A7460B-AEA5-45BF-AB32-B5A22DCB6B7B}.Debug|iPhoneSimulator.Build.0 = Debug|Any CPU
		{30A7460B-AEA5-45BF-AB32-B5A22DCB6B7B}.Debug|iPhoneSimulator.Deploy.0 = Debug|Any CPU
		{30A7460B-AEA5-45BF-AB32-B5A22DCB6B7B}.Debug|x64.ActiveCfg = Debug|Any CPU
		{30A7460B-AEA5-45BF-AB32-B5A22DCB6B7B}.Debug|x64.Build.0 = Debug|Any CPU
		{30A7460B-AEA5-45BF-AB32-B5A22DCB6B7B}.Debug|x64.Deploy.0 = Debug|Any CPU
		{30A7460B-AEA5-45BF-AB32-B5A22DCB6B7B}.Debug|x86.ActiveCfg = Debug|Any CPU
		{30A7460B-AEA5-45BF-AB32-B5A22DCB6B7B}.Debug|x86.Build.0 = Debug|Any CPU
		{30A7460B-AEA5-45BF-AB32-B5A22DCB6B7B}.Debug|x86.Deploy.0 = Debug|Any CPU
		{30A7460B-AEA5-45BF-AB32-B5A22DCB6B7B}.Release|Any CPU.ActiveCfg = Release|Any CPU
		{30A7460B-AEA5-45BF-AB32-B5A22DCB6B7B}.Release|Any CPU.Build.0 = Release|Any CPU
		{30A7460B-AEA5-45BF-AB32-B5A22DCB6B7B}.Release|Any CPU.Deploy.0 = Release|Any CPU
		{30A7460B-AEA5-45BF-AB32-B5A22DCB6B7B}.Release|ARM.ActiveCfg = Release|Any CPU
		{30A7460B-AEA5-45BF-AB32-B5A22DCB6B7B}.Release|ARM.Build.0 = Release|Any CPU
		{30A7460B-AEA5-45BF-AB32-B5A22DCB6B7B}.Release|ARM.Deploy.0 = Release|Any CPU
		{30A7460B-AEA5-45BF-AB32-B5A22DCB6B7B}.Release|iPhone.ActiveCfg = Release|Any CPU
		{30A7460B-AEA5-45BF-AB32-B5A22DCB6B7B}.Release|iPhone.Build.0 = Release|Any CPU
		{30A7460B-AEA5-45BF-AB32-B5A22DCB6B7B}.Release|iPhone.Deploy.0 = Release|Any CPU
		{30A7460B-AEA5-45BF-AB32-B5A22DCB6B7B}.Release|iPhoneSimulator.ActiveCfg = Release|Any CPU
		{30A7460B-AEA5-45BF-AB32-B5A22DCB6B7B}.Release|iPhoneSimulator.Build.0 = Release|Any CPU
		{30A7460B-AEA5-45BF-AB32-B5A22DCB6B7B}.Release|iPhoneSimulator.Deploy.0 = Release|Any CPU
		{30A7460B-AEA5-45BF-AB32-B5A22DCB6B7B}.Release|x64.ActiveCfg = Release|Any CPU
		{30A7460B-AEA5-45BF-AB32-B5A22DCB6B7B}.Release|x64.Build.0 = Release|Any CPU
		{30A7460B-AEA5-45BF-AB32-B5A22DCB6B7B}.Release|x64.Deploy.0 = Release|Any CPU
		{30A7460B-AEA5-45BF-AB32-B5A22DCB6B7B}.Release|x86.ActiveCfg = Release|Any CPU
		{30A7460B-AEA5-45BF-AB32-B5A22DCB6B7B}.Release|x86.Build.0 = Release|Any CPU
		{30A7460B-AEA5-45BF-AB32-B5A22DCB6B7B}.Release|x86.Deploy.0 = Release|Any CPU
	EndGlobalSection
	GlobalSection(SolutionProperties) = preSolution
		HideSolutionNode = FALSE
	EndGlobalSection
	GlobalSection(ExtensibilityGlobals) = postSolution
		SolutionGuid = {B1FD2E70-6432-4733-AAFC-1B8A7C3BA689}
	EndGlobalSection
EndGlobal
